
Microsoft Visual Studio Solution File, Format Version 12.00
# Visual Studio Express 2012 for Windows Desktop
Project("{FAE04EC0-301F-11D3-BF4B-00C04F79EFBC}") = "Performant", "Performant\Performant.csproj", "{44E21C71-22EE-41EB-8C05-F6BF08E35781}"
EndProject
Project("{FAE04EC0-301F-11D3-BF4B-00C04F79EFBC}") = "PM3Wrapper", "PM3Wrapper\PM3Wrapper.csproj", "{AECD1E6D-AD44-4189-804B-DDA749625DC5}"
EndProject
Project("{FAE04EC0-301F-11D3-BF4B-00C04F79EFBC}") = "Monitor", "Monitor\Monitor.csproj", "{D989BC6E-480D-4E13-BDBE-24CCDBC7BBE8}"
EndProject
Project("{FAE04EC0-301F-11D3-BF4B-00C04F79EFBC}") = "DirectConnection", "DirectConnection\DirectConnection.csproj", "{1AD794E9-EFDE-43B0-AA1F-844F00656DAE}"
EndProject
Project("{FAE04EC0-301F-11D3-BF4B-00C04F79EFBC}") = "TcpConnection", "TcpConnection\TcpConnection.csproj", "{757C3B0F-6836-4354-ADEC-B3D990031F37}"
EndProject
Project("{FAE04EC0-301F-11D3-BF4B-00C04F79EFBC}") = "PerformantServer", "PerformantServer\PerformantServer.csproj", "{537C1B51-F369-4068-A805-3DE2369432DA}"
EndProject
Project("{FAE04EC0-301F-11D3-BF4B-00C04F79EFBC}") = "Common", "Common\Common.csproj", "{87E9D219-97D4-427D-A0EA-25B75E4D2D03}"
EndProject
Global
	GlobalSection(SolutionConfigurationPlatforms) = preSolution
		Debug|Any CPU = Debug|Any CPU
		Release|Any CPU = Release|Any CPU
	EndGlobalSection
	GlobalSection(ProjectConfigurationPlatforms) = postSolution
		{44E21C71-22EE-41EB-8C05-F6BF08E35781}.Debug|Any CPU.ActiveCfg = Debug|Any CPU
		{44E21C71-22EE-41EB-8C05-F6BF08E35781}.Debug|Any CPU.Build.0 = Debug|Any CPU
		{44E21C71-22EE-41EB-8C05-F6BF08E35781}.Release|Any CPU.ActiveCfg = Release|Any CPU
		{44E21C71-22EE-41EB-8C05-F6BF08E35781}.Release|Any CPU.Build.0 = Release|Any CPU
		{AECD1E6D-AD44-4189-804B-DDA749625DC5}.Debug|Any CPU.ActiveCfg = Debug|Any CPU
		{AECD1E6D-AD44-4189-804B-DDA749625DC5}.Debug|Any CPU.Build.0 = Debug|Any CPU
		{AECD1E6D-AD44-4189-804B-DDA749625DC5}.Release|Any CPU.ActiveCfg = Release|Any CPU
		{AECD1E6D-AD44-4189-804B-DDA749625DC5}.Release|Any CPU.Build.0 = Release|Any CPU
		{D989BC6E-480D-4E13-BDBE-24CCDBC7BBE8}.Debug|Any CPU.ActiveCfg = Debug|Any CPU
		{D989BC6E-480D-4E13-BDBE-24CCDBC7BBE8}.Debug|Any CPU.Build.0 = Debug|Any CPU
		{D989BC6E-480D-4E13-BDBE-24CCDBC7BBE8}.Release|Any CPU.ActiveCfg = Release|Any CPU
		{D989BC6E-480D-4E13-BDBE-24CCDBC7BBE8}.Release|Any CPU.Build.0 = Release|Any CPU
		{1AD794E9-EFDE-43B0-AA1F-844F00656DAE}.Debug|Any CPU.ActiveCfg = Debug|Any CPU
		{1AD794E9-EFDE-43B0-AA1F-844F00656DAE}.Debug|Any CPU.Build.0 = Debug|Any CPU
		{1AD794E9-EFDE-43B0-AA1F-844F00656DAE}.Release|Any CPU.ActiveCfg = Release|Any CPU
		{1AD794E9-EFDE-43B0-AA1F-844F00656DAE}.Release|Any CPU.Build.0 = Release|Any CPU
		{757C3B0F-6836-4354-ADEC-B3D990031F37}.Debug|Any CPU.ActiveCfg = Debug|Any CPU
		{757C3B0F-6836-4354-ADEC-B3D990031F37}.Debug|Any CPU.Build.0 = Debug|Any CPU
		{757C3B0F-6836-4354-ADEC-B3D990031F37}.Release|Any CPU.ActiveCfg = Release|Any CPU
		{757C3B0F-6836-4354-ADEC-B3D990031F37}.Release|Any CPU.Build.0 = Release|Any CPU
		{537C1B51-F369-4068-A805-3DE2369432DA}.Debug|Any CPU.ActiveCfg = Debug|Any CPU
		{537C1B51-F369-4068-A805-3DE2369432DA}.Debug|Any CPU.Build.0 = Debug|Any CPU
		{537C1B51-F369-4068-A805-3DE2369432DA}.Release|Any CPU.ActiveCfg = Release|Any CPU
		{537C1B51-F369-4068-A805-3DE2369432DA}.Release|Any CPU.Build.0 = Release|Any CPU
		{87E9D219-97D4-427D-A0EA-25B75E4D2D03}.Debug|Any CPU.ActiveCfg = Debug|Any CPU
		{87E9D219-97D4-427D-A0EA-25B75E4D2D03}.Debug|Any CPU.Build.0 = Debug|Any CPU
		{87E9D219-97D4-427D-A0EA-25B75E4D2D03}.Release|Any CPU.ActiveCfg = Release|Any CPU
		{87E9D219-97D4-427D-A0EA-25B75E4D2D03}.Release|Any CPU.Build.0 = Release|Any CPU
	EndGlobalSection
	GlobalSection(SolutionProperties) = preSolution
		HideSolutionNode = FALSE
	EndGlobalSection
EndGlobal
